
Microsoft Visual Studio Solution File, Format Version 12.00
# Visual Studio Version 17
VisualStudioVersion = 17.0.31903.59
MinimumVisualStudioVersion = 10.0.40219.1
Project("{2150E333-8FDC-42A3-9474-1A3956D46DE8}") = "1.Presentation", "1.Presentation", "{319DC7AB-37E8-401F-831F-840C85C6DB60}"
EndProject
Project("{2150E333-8FDC-42A3-9474-1A3956D46DE8}") = "2.Application", "2.Application", "{65EE6B83-51B9-4615-9FD1-978F91DD8EC7}"
EndProject
Project("{2150E333-8FDC-42A3-9474-1A3956D46DE8}") = "3.Domain", "3.Domain", "{8C09E3CA-FCA0-457B-92B2-F765AF2233BC}"
EndProject
Project("{2150E333-8FDC-42A3-9474-1A3956D46DE8}") = "4.Infra", "4.Infra", "{1FE5B66D-3030-4F24-AB6F-597D625ACC16}"
EndProject
Project("{FAE04EC0-301F-11D3-BF4B-00C04F79EFBC}") = "ExchangeServer.Api", "1.Presentation\ExchangeServer.Api\ExchangeServer.Api.csproj", "{19A26224-AA5F-4F34-BA07-27E9FF15E6FB}"
EndProject
Project("{FAE04EC0-301F-11D3-BF4B-00C04F79EFBC}") = "ExchangeServer.Model", "4.Infra\ExchangeServer.Model\ExchangeServer.Model.csproj", "{20F8BF0B-9EF7-4099-852C-5E18FAC72E6D}"
EndProject
Project("{FAE04EC0-301F-11D3-BF4B-00C04F79EFBC}") = "ExchangeServer.Infra.Data", "4.Infra\ExchangeServer.Infra.Data\ExchangeServer.Infra.Data.csproj", "{351C4DBD-55F0-44AC-A8EC-FC4823CB35CC}"
EndProject
Project("{FAE04EC0-301F-11D3-BF4B-00C04F79EFBC}") = "ExchangeServer.Infra.Core", "4.Infra\ExchangeServer.Infra.Core\ExchangeServer.Infra.Core.csproj", "{54FE6A11-513A-45AE-990B-EA6FBC635D31}"
EndProject
Project("{FAE04EC0-301F-11D3-BF4B-00C04F79EFBC}") = "ExchangeServer.Application", "2.Application\ExchangeServer.Application\ExchangeServer.Application.csproj", "{DE86B13E-F17D-4924-982B-BBB52F4537C3}"
EndProject
Global
	GlobalSection(SolutionConfigurationPlatforms) = preSolution
		Debug|Any CPU = Debug|Any CPU
		Release|Any CPU = Release|Any CPU
	EndGlobalSection
	GlobalSection(ProjectConfigurationPlatforms) = postSolution
		{19A26224-AA5F-4F34-BA07-27E9FF15E6FB}.Debug|Any CPU.ActiveCfg = Debug|Any CPU
		{19A26224-AA5F-4F34-BA07-27E9FF15E6FB}.Debug|Any CPU.Build.0 = Debug|Any CPU
		{19A26224-AA5F-4F34-BA07-27E9FF15E6FB}.Release|Any CPU.ActiveCfg = Release|Any CPU
		{19A26224-AA5F-4F34-BA07-27E9FF15E6FB}.Release|Any CPU.Build.0 = Release|Any CPU
		{20F8BF0B-9EF7-4099-852C-5E18FAC72E6D}.Debug|Any CPU.ActiveCfg = Debug|Any CPU
		{20F8BF0B-9EF7-4099-852C-5E18FAC72E6D}.Debug|Any CPU.Build.0 = Debug|Any CPU
		{20F8BF0B-9EF7-4099-852C-5E18FAC72E6D}.Release|Any CPU.ActiveCfg = Release|Any CPU
		{20F8BF0B-9EF7-4099-852C-5E18FAC72E6D}.Release|Any CPU.Build.0 = Release|Any CPU
		{351C4DBD-55F0-44AC-A8EC-FC4823CB35CC}.Debug|Any CPU.ActiveCfg = Debug|Any CPU
		{351C4DBD-55F0-44AC-A8EC-FC4823CB35CC}.Debug|Any CPU.Build.0 = Debug|Any CPU
		{351C4DBD-55F0-44AC-A8EC-FC4823CB35CC}.Release|Any CPU.ActiveCfg = Release|Any CPU
		{351C4DBD-55F0-44AC-A8EC-FC4823CB35CC}.Release|Any CPU.Build.0 = Release|Any CPU
		{54FE6A11-513A-45AE-990B-EA6FBC635D31}.Debug|Any CPU.ActiveCfg = Debug|Any CPU
		{54FE6A11-513A-45AE-990B-EA6FBC635D31}.Debug|Any CPU.Build.0 = Debug|Any CPU
		{54FE6A11-513A-45AE-990B-EA6FBC635D31}.Release|Any CPU.ActiveCfg = Release|Any CPU
		{54FE6A11-513A-45AE-990B-EA6FBC635D31}.Release|Any CPU.Build.0 = Release|Any CPU
		{DE86B13E-F17D-4924-982B-BBB52F4537C3}.Debug|Any CPU.ActiveCfg = Debug|Any CPU
		{DE86B13E-F17D-4924-982B-BBB52F4537C3}.Debug|Any CPU.Build.0 = Debug|Any CPU
		{DE86B13E-F17D-4924-982B-BBB52F4537C3}.Release|Any CPU.ActiveCfg = Release|Any CPU
		{DE86B13E-F17D-4924-982B-BBB52F4537C3}.Release|Any CPU.Build.0 = Release|Any CPU
	EndGlobalSection
	GlobalSection(SolutionProperties) = preSolution
		HideSolutionNode = FALSE
	EndGlobalSection
	GlobalSection(NestedProjects) = preSolution
		{19A26224-AA5F-4F34-BA07-27E9FF15E6FB} = {319DC7AB-37E8-401F-831F-840C85C6DB60}
		{20F8BF0B-9EF7-4099-852C-5E18FAC72E6D} = {1FE5B66D-3030-4F24-AB6F-597D625ACC16}
		{351C4DBD-55F0-44AC-A8EC-FC4823CB35CC} = {1FE5B66D-3030-4F24-AB6F-597D625ACC16}
		{54FE6A11-513A-45AE-990B-EA6FBC635D31} = {1FE5B66D-3030-4F24-AB6F-597D625ACC16}
		{DE86B13E-F17D-4924-982B-BBB52F4537C3} = {65EE6B83-51B9-4615-9FD1-978F91DD8EC7}
	EndGlobalSection
	GlobalSection(ExtensibilityGlobals) = postSolution
		SolutionGuid = {F02CAC49-D698-4E49-A76B-A638E30BBE3C}
	EndGlobalSection
EndGlobal
